// !$*UTF8*$!
{
	archiveVersion = 1;
	classes = {
	};
	objectVersion = 51;
	objects = {

/* Begin PBXBuildFile section */
		952918F96268137E3F97DA79 /* Pods_WebServices.framework in Frameworks */ = {isa = PBXBuildFile; fileRef = 40AB9DF2BA2DC25E1957C8C5 /* Pods_WebServices.framework */; };
		E328D83F24EE6DF600D8CCCC /* CollectionViewResults.swift in Sources */ = {isa = PBXBuildFile; fileRef = E328D83E24EE6DF600D8CCCC /* CollectionViewResults.swift */; };
		E3446D0F24EA9C510072A909 /* AppDelegate.swift in Sources */ = {isa = PBXBuildFile; fileRef = E3446D0E24EA9C510072A909 /* AppDelegate.swift */; };
		E3446D1124EA9C510072A909 /* SceneDelegate.swift in Sources */ = {isa = PBXBuildFile; fileRef = E3446D1024EA9C510072A909 /* SceneDelegate.swift */; };
		E3446D1324EA9C510072A909 /* ViewController.swift in Sources */ = {isa = PBXBuildFile; fileRef = E3446D1224EA9C510072A909 /* ViewController.swift */; };
		E3446D1624EA9C510072A909 /* Main.storyboard in Resources */ = {isa = PBXBuildFile; fileRef = E3446D1424EA9C510072A909 /* Main.storyboard */; };
		E3446D1824EA9C570072A909 /* Assets.xcassets in Resources */ = {isa = PBXBuildFile; fileRef = E3446D1724EA9C570072A909 /* Assets.xcassets */; };
		E3446D1B24EA9C570072A909 /* LaunchScreen.storyboard in Resources */ = {isa = PBXBuildFile; fileRef = E3446D1924EA9C570072A909 /* LaunchScreen.storyboard */; };
		E3446D2324EA9F720072A909 /* CollectionViewCell.swift in Sources */ = {isa = PBXBuildFile; fileRef = E3446D2224EA9F720072A909 /* CollectionViewCell.swift */; };
		E3446D2524EAC0C30072A909 /* Results.swift in Sources */ = {isa = PBXBuildFile; fileRef = E3446D2424EAC0C30072A909 /* Results.swift */; };
		E3446D2724EAC1E80072A909 /* Response.swift in Sources */ = {isa = PBXBuildFile; fileRef = E3446D2624EAC1E80072A909 /* Response.swift */; };
		E3CC7D0C24ED4B92005DD0BE /* DataDetails.swift in Sources */ = {isa = PBXBuildFile; fileRef = E3CC7D0B24ED4B92005DD0BE /* DataDetails.swift */; };
/* End PBXBuildFile section */

/* Begin PBXFileReference section */
		119D460CDF05BDEB05E96B51 /* Pods-WebServices.release.xcconfig */ = {isa = PBXFileReference; includeInIndex = 1; lastKnownFileType = text.xcconfig; name = "Pods-WebServices.release.xcconfig"; path = "Target Support Files/Pods-WebServices/Pods-WebServices.release.xcconfig"; sourceTree = "<group>"; };
		177650CA6DB742241C3225C3 /* Pods-WebServices.debug.xcconfig */ = {isa = PBXFileReference; includeInIndex = 1; lastKnownFileType = text.xcconfig; name = "Pods-WebServices.debug.xcconfig"; path = "Target Support Files/Pods-WebServices/Pods-WebServices.debug.xcconfig"; sourceTree = "<group>"; };
		40AB9DF2BA2DC25E1957C8C5 /* Pods_WebServices.framework */ = {isa = PBXFileReference; explicitFileType = wrapper.framework; includeInIndex = 0; path = Pods_WebServices.framework; sourceTree = BUILT_PRODUCTS_DIR; };
		E328D83E24EE6DF600D8CCCC /* CollectionViewResults.swift */ = {isa = PBXFileReference; lastKnownFileType = sourcecode.swift; path = CollectionViewResults.swift; sourceTree = "<group>"; };
		E3446D0B24EA9C510072A909 /* WebServices.app */ = {isa = PBXFileReference; explicitFileType = wrapper.application; includeInIndex = 0; path = WebServices.app; sourceTree = BUILT_PRODUCTS_DIR; };
		E3446D0E24EA9C510072A909 /* AppDelegate.swift */ = {isa = PBXFileReference; lastKnownFileType = sourcecode.swift; path = AppDelegate.swift; sourceTree = "<group>"; };
		E3446D1024EA9C510072A909 /* SceneDelegate.swift */ = {isa = PBXFileReference; lastKnownFileType = sourcecode.swift; path = SceneDelegate.swift; sourceTree = "<group>"; };
		E3446D1224EA9C510072A909 /* ViewController.swift */ = {isa = PBXFileReference; lastKnownFileType = sourcecode.swift; path = ViewController.swift; sourceTree = "<group>"; xcLanguageSpecificationIdentifier = xcode.lang.swift; };
		E3446D1524EA9C510072A909 /* Base */ = {isa = PBXFileReference; lastKnownFileType = file.storyboard; name = Base; path = Base.lproj/Main.storyboard; sourceTree = "<group>"; };
		E3446D1724EA9C570072A909 /* Assets.xcassets */ = {isa = PBXFileReference; lastKnownFileType = folder.assetcatalog; path = Assets.xcassets; sourceTree = "<group>"; };
		E3446D1A24EA9C570072A909 /* Base */ = {isa = PBXFileReference; lastKnownFileType = file.storyboard; name = Base; path = Base.lproj/LaunchScreen.storyboard; sourceTree = "<group>"; };
		E3446D1C24EA9C570072A909 /* Info.plist */ = {isa = PBXFileReference; lastKnownFileType = text.plist.xml; path = Info.plist; sourceTree = "<group>"; };
		E3446D2224EA9F720072A909 /* CollectionViewCell.swift */ = {isa = PBXFileReference; lastKnownFileType = sourcecode.swift; path = CollectionViewCell.swift; sourceTree = "<group>"; };
		E3446D2424EAC0C30072A909 /* Results.swift */ = {isa = PBXFileReference; lastKnownFileType = sourcecode.swift; path = Results.swift; sourceTree = "<group>"; };
		E3446D2624EAC1E80072A909 /* Response.swift */ = {isa = PBXFileReference; lastKnownFileType = sourcecode.swift; path = Response.swift; sourceTree = "<group>"; };
		E3CC7D0B24ED4B92005DD0BE /* DataDetails.swift */ = {isa = PBXFileReference; lastKnownFileType = sourcecode.swift; path = DataDetails.swift; sourceTree = "<group>"; };
/* End PBXFileReference section */

/* Begin PBXFrameworksBuildPhase section */
		E3446D0824EA9C510072A909 /* Frameworks */ = {
			isa = PBXFrameworksBuildPhase;
			buildActionMask = 2147483647;
			files = (
				952918F96268137E3F97DA79 /* Pods_WebServices.framework in Frameworks */,
			);
			runOnlyForDeploymentPostprocessing = 0;
		};
/* End PBXFrameworksBuildPhase section */

/* Begin PBXGroup section */
		720400B7F2A2CF4057A3DDA4 /* Pods */ = {
			isa = PBXGroup;
			children = (
				177650CA6DB742241C3225C3 /* Pods-WebServices.debug.xcconfig */,
				119D460CDF05BDEB05E96B51 /* Pods-WebServices.release.xcconfig */,
			);
			path = Pods;
			sourceTree = "<group>";
		};
		E328D84024EE94E800D8CCCC /* VC */ = {
			isa = PBXGroup;
			children = (
			);
			path = VC;
			sourceTree = "<group>";
		};
		E328D84124EE951500D8CCCC /* JSON */ = {
			isa = PBXGroup;
			children = (
			);
			path = JSON;
			sourceTree = "<group>";
		};
		E3446D0224EA9C500072A909 = {
			isa = PBXGroup;
			children = (
				E3446D0D24EA9C510072A909 /* WebServices */,
				E3446D0C24EA9C510072A909 /* Products */,
				720400B7F2A2CF4057A3DDA4 /* Pods */,
				FC4FAB192C51DF434CCA9E29 /* Frameworks */,
			);
			sourceTree = "<group>";
		};
		E3446D0C24EA9C510072A909 /* Products */ = {
			isa = PBXGroup;
			children = (
				E3446D0B24EA9C510072A909 /* WebServices.app */,
			);
			name = Products;
			sourceTree = "<group>";
		};
		E3446D0D24EA9C510072A909 /* WebServices */ = {
			isa = PBXGroup;
			children = (
				E328D84124EE951500D8CCCC /* JSON */,
				E328D84024EE94E800D8CCCC /* VC */,
				E3446D0E24EA9C510072A909 /* AppDelegate.swift */,
				E3446D1024EA9C510072A909 /* SceneDelegate.swift */,
				E3446D1724EA9C570072A909 /* Assets.xcassets */,
				E3446D1924EA9C570072A909 /* LaunchScreen.storyboard */,
				E3446D1424EA9C510072A909 /* Main.storyboard */,
				E3446D1C24EA9C570072A909 /* Info.plist */,
				E3CC7D0B24ED4B92005DD0BE /* DataDetails.swift */,
				E3446D1224EA9C510072A909 /* ViewController.swift */,
				E3446D2224EA9F720072A909 /* CollectionViewCell.swift */,
				E328D83E24EE6DF600D8CCCC /* CollectionViewResults.swift */,
				E3446D2424EAC0C30072A909 /* Results.swift */,
				E3446D2624EAC1E80072A909 /* Response.swift */,
			);
			path = WebServices;
			sourceTree = "<group>";
		};
		FC4FAB192C51DF434CCA9E29 /* Frameworks */ = {
			isa = PBXGroup;
			children = (
				40AB9DF2BA2DC25E1957C8C5 /* Pods_WebServices.framework */,
			);
			name = Frameworks;
			sourceTree = "<group>";
		};
/* End PBXGroup section */

/* Begin PBXNativeTarget section */
		E3446D0A24EA9C510072A909 /* WebServices */ = {
			isa = PBXNativeTarget;
			buildConfigurationList = E3446D1F24EA9C570072A909 /* Build configuration list for PBXNativeTarget "WebServices" */;
			buildPhases = (
				DA0BDE7AF5F9BC7B17E2CD8E /* [CP] Check Pods Manifest.lock */,
				E3446D0724EA9C510072A909 /* Sources */,
				E3446D0824EA9C510072A909 /* Frameworks */,
				E3446D0924EA9C510072A909 /* Resources */,
				6F320F901A62C20DAC024AC0 /* [CP] Embed Pods Frameworks */,
			);
			buildRules = (
			);
			dependencies = (
			);
			name = WebServices;
			productName = WebServices;
			productReference = E3446D0B24EA9C510072A909 /* WebServices.app */;
			productType = "com.apple.product-type.application";
		};
/* End PBXNativeTarget section */

/* Begin PBXProject section */
		E3446D0324EA9C500072A909 /* Project object */ = {
			isa = PBXProject;
			attributes = {
				LastSwiftUpdateCheck = 1140;
				LastUpgradeCheck = 1140;
				ORGANIZATIONNAME = ahmet;
				TargetAttributes = {
					E3446D0A24EA9C510072A909 = {
						CreatedOnToolsVersion = 11.4.1;
					};
				};
			};
			buildConfigurationList = E3446D0624EA9C500072A909 /* Build configuration list for PBXProject "WebServices" */;
			compatibilityVersion = "Xcode 9.3";
			developmentRegion = en;
			hasScannedForEncodings = 0;
			knownRegions = (
				en,
				Base,
			);
			mainGroup = E3446D0224EA9C500072A909;
			productRefGroup = E3446D0C24EA9C510072A909 /* Products */;
			projectDirPath = "";
			projectRoot = "";
			targets = (
				E3446D0A24EA9C510072A909 /* WebServices */,
			);
		};
/* End PBXProject section */

/* Begin PBXResourcesBuildPhase section */
		E3446D0924EA9C510072A909 /* Resources */ = {
			isa = PBXResourcesBuildPhase;
			buildActionMask = 2147483647;
			files = (
				E3446D1B24EA9C570072A909 /* LaunchScreen.storyboard in Resources */,
				E3446D1824EA9C570072A909 /* Assets.xcassets in Resources */,
				E3446D1624EA9C510072A909 /* Main.storyboard in Resources */,
			);
			runOnlyForDeploymentPostprocessing = 0;
		};
/* End PBXResourcesBuildPhase section */

/* Begin PBXShellScriptBuildPhase section */
		6F320F901A62C20DAC024AC0 /* [CP] Embed Pods Frameworks */ = {
			isa = PBXShellScriptBuildPhase;
			buildActionMask = 2147483647;
			files = (
			);
			inputFileListPaths = (
				"${PODS_ROOT}/Target Support Files/Pods-WebServices/Pods-WebServices-frameworks-${CONFIGURATION}-input-files.xcfilelist",
			);
			name = "[CP] Embed Pods Frameworks";
			outputFileListPaths = (
				"${PODS_ROOT}/Target Support Files/Pods-WebServices/Pods-WebServices-frameworks-${CONFIGURATION}-output-files.xcfilelist",
			);
			runOnlyForDeploymentPostprocessing = 0;
			shellPath = /bin/sh;
			shellScript = "\"${PODS_ROOT}/Target Support Files/Pods-WebServices/Pods-WebServices-frameworks.sh\"\n";
			showEnvVarsInLog = 0;
		};
		DA0BDE7AF5F9BC7B17E2CD8E /* [CP] Check Pods Manifest.lock */ = {
			isa = PBXShellScriptBuildPhase;
			buildActionMask = 2147483647;
			files = (
			);
			inputFileListPaths = (
			);
			inputPaths = (
				"${PODS_PODFILE_DIR_PATH}/Podfile.lock",
				"${PODS_ROOT}/Manifest.lock",
			);
			name = "[CP] Check Pods Manifest.lock";
			outputFileListPaths = (
			);
			outputPaths = (
				"$(DERIVED_FILE_DIR)/Pods-WebServices-checkManifestLockResult.txt",
			);
			runOnlyForDeploymentPostprocessing = 0;
			shellPath = /bin/sh;
			shellScript = "diff \"${PODS_PODFILE_DIR_PATH}/Podfile.lock\" \"${PODS_ROOT}/Manifest.lock\" > /dev/null\nif [ $? != 0 ] ; then\n    # print error to STDERR\n    echo \"error: The sandbox is not in sync with the Podfile.lock. Run 'pod install' or update your CocoaPods installation.\" >&2\n    exit 1\nfi\n# This output is used by Xcode 'outputs' to avoid re-running this script phase.\necho \"SUCCESS\" > \"${SCRIPT_OUTPUT_FILE_0}\"\n";
			showEnvVarsInLog = 0;
		};
/* End PBXShellScriptBuildPhase section */

/* Begin PBXSourcesBuildPhase section */
		E3446D0724EA9C510072A909 /* Sources */ = {
			isa = PBXSourcesBuildPhase;
			buildActionMask = 2147483647;
			files = (
				E3446D1324EA9C510072A909 /* ViewController.swift in Sources */,
				E3446D0F24EA9C510072A909 /* AppDelegate.swift in Sources */,
				E3446D2324EA9F720072A909 /* CollectionViewCell.swift in Sources */,
				E3CC7D0C24ED4B92005DD0BE /* DataDetails.swift in Sources */,
				E3446D1124EA9C510072A909 /* SceneDelegate.swift in Sources */,
				E3446D2724EAC1E80072A909 /* Response.swift in Sources */,
				E3446D2524EAC0C30072A909 /* Results.swift in Sources */,
				E328D83F24EE6DF600D8CCCC /* CollectionViewResults.swift in Sources */,
			);
			runOnlyForDeploymentPostprocessing = 0;
		};
/* End PBXSourcesBuildPhase section */

/* Begin PBXVariantGroup section */
		E3446D1424EA9C510072A909 /* Main.storyboard */ = {
			isa = PBXVariantGroup;
			children = (
				E3446D1524EA9C510072A909 /* Base */,
			);
			name = Main.storyboard;
			sourceTree = "<group>";
		};
		E3446D1924EA9C570072A909 /* LaunchScreen.storyboard */ = {
			isa = PBXVariantGroup;
			children = (
				E3446D1A24EA9C570072A909 /* Base */,
			);
			name = LaunchScreen.storyboard;
			sourceTree = "<group>";
		};
/* End PBXVariantGroup section */

/* Begin XCBuildConfiguration section */
		E3446D1D24EA9C570072A909 /* Debug */ = {
			isa = XCBuildConfiguration;
			buildSettings = {
				ALWAYS_SEARCH_USER_PATHS = NO;
				CLANG_ANALYZER_NONNULL = YES;
				CLANG_ANALYZER_NUMBER_OBJECT_CONVERSION = YES_AGGRESSIVE;
				CLANG_CXX_LANGUAGE_STANDARD = "gnu++14";
				CLANG_CXX_LIBRARY = "libc++";
				CLANG_ENABLE_MODULES = YES;
				CLANG_ENABLE_OBJC_ARC = YES;
				CLANG_ENABLE_OBJC_WEAK = YES;
				CLANG_WARN_BLOCK_CAPTURE_AUTORELEASING = YES;
				CLANG_WARN_BOOL_CONVERSION = YES;
				CLANG_WARN_COMMA = YES;
				CLANG_WARN_CONSTANT_CONVERSION = YES;
				CLANG_WARN_DEPRECATED_OBJC_IMPLEMENTATIONS = YES;
				CLANG_WARN_DIRECT_OBJC_ISA_USAGE = YES_ERROR;
				CLANG_WARN_DOCUMENTATION_COMMENTS = YES;
				CLANG_WARN_EMPTY_BODY = YES;
				CLANG_WARN_ENUM_CONVERSION = YES;
				CLANG_WARN_INFINITE_RECURSION = YES;
				CLANG_WARN_INT_CONVERSION = YES;
				CLANG_WARN_NON_LITERAL_NULL_CONVERSION = YES;
				CLANG_WARN_OBJC_IMPLICIT_RETAIN_SELF = YES;
				CLANG_WARN_OBJC_LITERAL_CONVERSION = YES;
				CLANG_WARN_OBJC_ROOT_CLASS = YES_ERROR;
				CLANG_WARN_RANGE_LOOP_ANALYSIS = YES;
				CLANG_WARN_STRICT_PROTOTYPES = YES;
				CLANG_WARN_SUSPICIOUS_MOVE = YES;
				CLANG_WARN_UNGUARDED_AVAILABILITY = YES_AGGRESSIVE;
				CLANG_WARN_UNREACHABLE_CODE = YES;
				CLANG_WARN__DUPLICATE_METHOD_MATCH = YES;
				COPY_PHASE_STRIP = NO;
				DEBUG_INFORMATION_FORMAT = dwarf;
				ENABLE_STRICT_OBJC_MSGSEND = YES;
				ENABLE_TESTABILITY = YES;
				GCC_C_LANGUAGE_STANDARD = gnu11;
				GCC_DYNAMIC_NO_PIC = NO;
				GCC_NO_COMMON_BLOCKS = YES;
				GCC_OPTIMIZATION_LEVEL = 0;
				GCC_PREPROCESSOR_DEFINITIONS = (
					"DEBUG=1",
					"$(inherited)",
				);
				GCC_WARN_64_TO_32_BIT_CONVERSION = YES;
				GCC_WARN_ABOUT_RETURN_TYPE = YES_ERROR;
				GCC_WARN_UNDECLARED_SELECTOR = YES;
				GCC_WARN_UNINITIALIZED_AUTOS = YES_AGGRESSIVE;
				GCC_WARN_UNUSED_FUNCTION = YES;
				GCC_WARN_UNUSED_VARIABLE = YES;
				IPHONEOS_DEPLOYMENT_TARGET = 13.4;
				MTL_ENABLE_DEBUG_INFO = INCLUDE_SOURCE;
				MTL_FAST_MATH = YES;
				ONLY_ACTIVE_ARCH = YES;
				SDKROOT = iphoneos;
				SWIFT_ACTIVE_COMPILATION_CONDITIONS = DEBUG;
				SWIFT_OPTIMIZATION_LEVEL = "-Onone";
			};
			name = Debug;
		};
		E3446D1E24EA9C570072A909 /* Release */ = {
			isa = XCBuildConfiguration;
			buildSettings = {
				ALWAYS_SEARCH_USER_PATHS = NO;
				CLANG_ANALYZER_NONNULL = YES;
				CLANG_ANALYZER_NUMBER_OBJECT_CONVERSION = YES_AGGRESSIVE;
				CLANG_CXX_LANGUAGE_STANDARD = "gnu++14";
				CLANG_CXX_LIBRARY = "libc++";
				CLANG_ENABLE_MODULES = YES;
				CLANG_ENABLE_OBJC_ARC = YES;
				CLANG_ENABLE_OBJC_WEAK = YES;
				CLANG_WARN_BLOCK_CAPTURE_AUTORELEASING = YES;
				CLANG_WARN_BOOL_CONVERSION = YES;
				CLANG_WARN_COMMA = YES;
				CLANG_WARN_CONSTANT_CONVERSION = YES;
				CLANG_WARN_DEPRECATED_OBJC_IMPLEMENTATIONS = YES;
				CLANG_WARN_DIRECT_OBJC_ISA_USAGE = YES_ERROR;
				CLANG_WARN_DOCUMENTATION_COMMENTS = YES;
				CLANG_WARN_EMPTY_BODY = YES;
				CLANG_WARN_ENUM_CONVERSION = YES;
				CLANG_WARN_INFINITE_RECURSION = YES;
				CLANG_WARN_INT_CONVERSION = YES;
				CLANG_WARN_NON_LITERAL_NULL_CONVERSION = YES;
				CLANG_WARN_OBJC_IMPLICIT_RETAIN_SELF = YES;
				CLANG_WARN_OBJC_LITERAL_CONVERSION = YES;
				CLANG_WARN_OBJC_ROOT_CLASS = YES_ERROR;
				CLANG_WARN_RANGE_LOOP_ANALYSIS = YES;
				CLANG_WARN_STRICT_PROTOTYPES = YES;
				CLANG_WARN_SUSPICIOUS_MOVE = YES;
				CLANG_WARN_UNGUARDED_AVAILABILITY = YES_AGGRESSIVE;
				CLANG_WARN_UNREACHABLE_CODE = YES;
				CLANG_WARN__DUPLICATE_METHOD_MATCH = YES;
				COPY_PHASE_STRIP = NO;
				DEBUG_INFORMATION_FORMAT = "dwarf-with-dsym";
				ENABLE_NS_ASSERTIONS = NO;
				ENABLE_STRICT_OBJC_MSGSEND = YES;
				GCC_C_LANGUAGE_STANDARD = gnu11;
				GCC_NO_COMMON_BLOCKS = YES;
				GCC_WARN_64_TO_32_BIT_CONVERSION = YES;
				GCC_WARN_ABOUT_RETURN_TYPE = YES_ERROR;
				GCC_WARN_UNDECLARED_SELECTOR = YES;
				GCC_WARN_UNINITIALIZED_AUTOS = YES_AGGRESSIVE;
				GCC_WARN_UNUSED_FUNCTION = YES;
				GCC_WARN_UNUSED_VARIABLE = YES;
				IPHONEOS_DEPLOYMENT_TARGET = 13.4;
				MTL_ENABLE_DEBUG_INFO = NO;
				MTL_FAST_MATH = YES;
				SDKROOT = iphoneos;
				SWIFT_COMPILATION_MODE = wholemodule;
				SWIFT_OPTIMIZATION_LEVEL = "-O";
				VALIDATE_PRODUCT = YES;
			};
			name = Release;
		};
		E3446D2024EA9C570072A909 /* Debug */ = {
			isa = XCBuildConfiguration;
			baseConfigurationReference = 177650CA6DB742241C3225C3 /* Pods-WebServices.debug.xcconfig */;
			buildSettings = {
				ASSETCATALOG_COMPILER_APPICON_NAME = AppIcon;
				CODE_SIGN_STYLE = Automatic;
				INFOPLIST_FILE = WebServices/Info.plist;
				LD_RUNPATH_SEARCH_PATHS = (
					"$(inherited)",
					"@executable_path/Frameworks",
				);
				PRODUCT_BUNDLE_IDENTIFIER = com.ahmet.WebServices;
				PRODUCT_NAME = "$(TARGET_NAME)";
				SWIFT_VERSION = 5.0;
				TARGETED_DEVICE_FAMILY = "1,2";
			};
			name = Debug;
		};
		E3446D2124EA9C570072A909 /* Release */ = {
			isa = XCBuildConfiguration;
			baseConfigurationReference = 119D460CDF05BDEB05E96B51 /* Pods-WebServices.release.xcconfig */;
			buildSettings = {
				ASSETCATALOG_COMPILER_APPICON_NAME = AppIcon;
				CODE_SIGN_STYLE = Automatic;
				INFOPLIST_FILE = WebServices/Info.plist;
				LD_RUNPATH_SEARCH_PATHS = (
					"$(inherited)",
					"@executable_path/Frameworks",
				);
				PRODUCT_BUNDLE_IDENTIFIER = com.ahmet.WebServices;
				PRODUCT_NAME = "$(TARGET_NAME)";
				SWIFT_VERSION = 5.0;
				TARGETED_DEVICE_FAMILY = "1,2";
			};
			name = Release;
		};
/* End XCBuildConfiguration section */

/* Begin XCConfigurationList section */
		E3446D0624EA9C500072A909 /* Build configuration list for PBXProject "WebServices" */ = {
			isa = XCConfigurationList;
			buildConfigurations = (
				E3446D1D24EA9C570072A909 /* Debug */,
				E3446D1E24EA9C570072A909 /* Release */,
			);
			defaultConfigurationIsVisible = 0;
			defaultConfigurationName = Release;
		};
		E3446D1F24EA9C570072A909 /* Build configuration list for PBXNativeTarget "WebServices" */ = {
			isa = XCConfigurationList;
			buildConfigurations = (
				E3446D2024EA9C570072A909 /* Debug */,
				E3446D2124EA9C570072A909 /* Release */,
			);
			defaultConfigurationIsVisible = 0;
			defaultConfigurationName = Release;
		};
/* End XCConfigurationList section */
	};
	rootObject = E3446D0324EA9C500072A909 /* Project object */;
}
